// !$*UTF8*$!
{
	archiveVersion = 1;
	classes = {
	};
	objectVersion = 56;
	objects = {

/* Begin PBXBuildFile section */
		110323AA2F201B43004CC247 /* ConversionHistory.swift in Sources */ = {isa = PBXBuildFile; fileRef = 110323A92F201B43004CC247 /* ConversionHistory.swift */; };
		110323AC2F201EB1004CC247 /* HistoryListView.swift in Sources */ = {isa = PBXBuildFile; fileRef = 110323AB2F201EB1004CC247 /* HistoryListView.swift */; };
		1114C5132F1AD85300AAA9EE /* WhatsNewView.swift in Sources */ = {isa = PBXBuildFile; fileRef = 1114C5122F1AD85300AAA9EE /* WhatsNewView.swift */; };
		1128ACDF2F3112D1009A57FC /* SettingsViewModel.swift in Sources */ = {isa = PBXBuildFile; fileRef = 1128ACDE2F3112D1009A57FC /* SettingsViewModel.swift */; };
		11314AEE2FB3ABCC00F44D85 /* Localizable.xcstrings in Resources */ = {isa = PBXBuildFile; fileRef = 11314AED2FB3ABCB00F44D85 /* Localizable.xcstrings */; };
		1142B4562F2D52A0002ADD96 /* ContentViewModel.swift in Sources */ = {isa = PBXBuildFile; fileRef = 1142B4552F2D52A0002ADD96 /* ContentViewModel.swift */; };
		116796D12EBD519200784023 /* MainTabView.swift in Sources */ = {isa = PBXBuildFile; fileRef = 116796D02EBD519200784023 /* MainTabView.swift */; };
		1184898B2E2ED96B00851CC9 /* Temperature_converterApp.swift in Sources */ = {isa = PBXBuildFile; fileRef = 1184898A2E2ED96B00851CC9 /* Temperature_converterApp.swift */; };
		1184898D2E2ED96B00851CC9 /* ContentView.swift in Sources */ = {isa = PBXBuildFile; fileRef = 1184898C2E2ED96B00851CC9 /* ContentView.swift */; };
		1184898F2E2ED96D00851CC9 /* Assets.xcassets in Resources */ = {isa = PBXBuildFile; fileRef = 1184898E2E2ED96D00851CC9 /* Assets.xcassets */; };
		118489922E2ED96D00851CC9 /* Preview Assets.xcassets in Resources */ = {isa = PBXBuildFile; fileRef = 118489912E2ED96D00851CC9 /* Preview Assets.xcassets */; };
		1184899A2E2EDAAA00851CC9 /* SettingsView.swift in Sources */ = {isa = PBXBuildFile; fileRef = 118489992E2EDAAA00851CC9 /* SettingsView.swift */; };
		11B46C392FBF72A000E1AFE4 /* WidgetKit.framework in Frameworks */ = {isa = PBXBuildFile; fileRef = 11B46C382FBF729E00E1AFE4 /* WidgetKit.framework */; };
		11B46C3B2FBF72A000E1AFE4 /* SwiftUI.framework in Frameworks */ = {isa = PBXBuildFile; fileRef = 11B46C3A2FBF72A000E1AFE4 /* SwiftUI.framework */; };
		11B46C3E2FBF72A000E1AFE4 /* TemperatureWidgetBundle.swift in Sources */ = {isa = PBXBuildFile; fileRef = 11B46C3D2FBF72A000E1AFE4 /* TemperatureWidgetBundle.swift */; };
		11B46C402FBF72A000E1AFE4 /* TemperatureWidget.swift in Sources */ = {isa = PBXBuildFile; fileRef = 11B46C3F2FBF72A000E1AFE4 /* TemperatureWidget.swift */; };
		11B46C422FBF72A000E1AFE4 /* AppIntent.swift in Sources */ = {isa = PBXBuildFile; fileRef = 11B46C412FBF72A000E1AFE4 /* AppIntent.swift */; };
		11B46C442FBF72E000E1AFE4 /* Assets.xcassets in Resources */ = {isa = PBXBuildFile; fileRef = 11B46C432FBF72E000E1AFE4 /* Assets.xcassets */; };
		11B46C482FBF72E000E1AFE4 /* TemperatureWidgetExtension.appex in Embed Foundation Extensions */ = {isa = PBXBuildFile; fileRef = 11B46C362FBF729E00E1AFE4 /* TemperatureWidgetExtension.appex */; settings = {ATTRIBUTES = (RemoveHeadersOnCopy, ); }; };
		11DD4D1F2FE1B51100C377DE /* Localizable.xcstrings in Resources */ = {isa = PBXBuildFile; fileRef = 11314AED2FB3ABCB00F44D85 /* Localizable.xcstrings */; };
		11DE87B32F33CA9F00B4894A /* ConvertTemperatureIntent.swift in Sources */ = {isa = PBXBuildFile; fileRef = 11DE87B22F33CA9F00B4894A /* ConvertTemperatureIntent.swift */; };
		11DE87B52F33CB9600B4894A /* AppShortcutsProvider.swift in Sources */ = {isa = PBXBuildFile; fileRef = 11DE87B42F33CB9600B4894A /* AppShortcutsProvider.swift */; };
/* End PBXBuildFile section */

/* Begin PBXContainerItemProxy section */
		11B46C462FBF72E000E1AFE4 /* PBXContainerItemProxy */ = {
			isa = PBXContainerItemProxy;
			containerPortal = 1184897F2E2ED96B00851CC9 /* Project object */;
			proxyType = 1;
			remoteGlobalIDString = 11B46C352FBF729D00E1AFE4;
			remoteInfo = TemperatureWidgetExtension;
		};
/* End PBXContainerItemProxy section */

/* Begin PBXCopyFilesBuildPhase section */
		11B46C492FBF72E100E1AFE4 /* Embed Foundation Extensions */ = {
			isa = PBXCopyFilesBuildPhase;
			buildActionMask = 2147483647;
			dstPath = "";
			dstSubfolderSpec = 13;
			files = (
				11B46C482FBF72E000E1AFE4 /* TemperatureWidgetExtension.appex in Embed Foundation Extensions */,
			);
			name = "Embed Foundation Extensions";
			runOnlyForDeploymentPostprocessing = 0;
		};
/* End PBXCopyFilesBuildPhase section */

/* Begin PBXFileReference section */
		110323A92F201B43004CC247 /* ConversionHistory.swift */ = {isa = PBXFileReference; lastKnownFileType = sourcecode.swift; path = ConversionHistory.swift; sourceTree = "<group>"; };
		110323AB2F201EB1004CC247 /* HistoryListView.swift */ = {isa = PBXFileReference; lastKnownFileType = sourcecode.swift; path = HistoryListView.swift; sourceTree = "<group>"; };
		1114C5122F1AD85300AAA9EE /* WhatsNewView.swift */ = {isa = PBXFileReference; lastKnownFileType = sourcecode.swift; path = WhatsNewView.swift; sourceTree = "<group>"; };
		1128ACDE2F3112D1009A57FC /* SettingsViewModel.swift */ = {isa = PBXFileReference; lastKnownFileType = sourcecode.swift; path = SettingsViewModel.swift; sourceTree = "<group>"; };
		11314AED2FB3ABCB00F44D85 /* Localizable.xcstrings */ = {isa = PBXFileReference; lastKnownFileType = text.json.xcstrings; path = Localizable.xcstrings; sourceTree = "<group>"; };
		1142B4552F2D52A0002ADD96 /* ContentViewModel.swift */ = {isa = PBXFileReference; lastKnownFileType = sourcecode.swift; path = ContentViewModel.swift; sourceTree = "<group>"; };
		116796D02EBD519200784023 /* MainTabView.swift */ = {isa = PBXFileReference; lastKnownFileType = sourcecode.swift; path = MainTabView.swift; sourceTree = "<group>"; };
		118489872E2ED96B00851CC9 /* Temperature converter.app */ = {isa = PBXFileReference; explicitFileType = wrapper.application; includeInIndex = 0; path = "Temperature converter.app"; sourceTree = BUILT_PRODUCTS_DIR; };
		1184898A2E2ED96B00851CC9 /* Temperature_converterApp.swift */ = {isa = PBXFileReference; lastKnownFileType = sourcecode.swift; path = Temperature_converterApp.swift; sourceTree = "<group>"; };
		1184898C2E2ED96B00851CC9 /* ContentView.swift */ = {isa = PBXFileReference; lastKnownFileType = sourcecode.swift; path = ContentView.swift; sourceTree = "<group>"; };
		1184898E2E2ED96D00851CC9 /* Assets.xcassets */ = {isa = PBXFileReference; lastKnownFileType = folder.assetcatalog; path = Assets.xcassets; sourceTree = "<group>"; };
		118489912E2ED96D00851CC9 /* Preview Assets.xcassets */ = {isa = PBXFileReference; lastKnownFileType = folder.assetcatalog; path = "Preview Assets.xcassets"; sourceTree = "<group>"; };
		118489992E2EDAAA00851CC9 /* SettingsView.swift */ = {isa = PBXFileReference; lastKnownFileType = sourcecode.swift; path = SettingsView.swift; sourceTree = "<group>"; };
		11B46C362FBF729E00E1AFE4 /* TemperatureWidgetExtension.appex */ = {isa = PBXFileReference; explicitFileType = "wrapper.app-extension"; includeInIndex = 0; path = TemperatureWidgetExtension.appex; sourceTree = BUILT_PRODUCTS_DIR; };
		11B46C382FBF729E00E1AFE4 /* WidgetKit.framework */ = {isa = PBXFileReference; lastKnownFileType = wrapper.framework; name = WidgetKit.framework; path = System/Library/Frameworks/WidgetKit.framework; sourceTree = SDKROOT; };
		11B46C3A2FBF72A000E1AFE4 /* SwiftUI.framework */ = {isa = PBXFileReference; lastKnownFileType = wrapper.framework; name = SwiftUI.framework; path = System/Library/Frameworks/SwiftUI.framework; sourceTree = SDKROOT; };
		11B46C3D2FBF72A000E1AFE4 /* TemperatureWidgetBundle.swift */ = {isa = PBXFileReference; lastKnownFileType = sourcecode.swift; path = TemperatureWidgetBundle.swift; sourceTree = "<group>"; };
		11B46C3F2FBF72A000E1AFE4 /* TemperatureWidget.swift */ = {isa = PBXFileReference; lastKnownFileType = sourcecode.swift; path = TemperatureWidget.swift; sourceTree = "<group>"; };
		11B46C412FBF72A000E1AFE4 /* AppIntent.swift */ = {isa = PBXFileReference; lastKnownFileType = sourcecode.swift; path = AppIntent.swift; sourceTree = "<group>"; };
		11B46C432FBF72E000E1AFE4 /* Assets.xcassets */ = {isa = PBXFileReference; lastKnownFileType = folder.assetcatalog; path = Assets.xcassets; sourceTree = "<group>"; };
		11B46C452FBF72E000E1AFE4 /* Info.plist */ = {isa = PBXFileReference; lastKnownFileType = text.plist.xml; path = Info.plist; sourceTree = "<group>"; };
		11DE87B22F33CA9F00B4894A /* ConvertTemperatureIntent.swift */ = {isa = PBXFileReference; lastKnownFileType = sourcecode.swift; path = ConvertTemperatureIntent.swift; sourceTree = "<group>"; };
		11DE87B42F33CB9600B4894A /* AppShortcutsProvider.swift */ = {isa = PBXFileReference; lastKnownFileType = sourcecode.swift; path = AppShortcutsProvider.swift; sourceTree = "<group>"; };
/* End PBXFileReference section */

/* Begin PBXFrameworksBuildPhase section */
		118489842E2ED96B00851CC9 /* Frameworks */ = {
			isa = PBXFrameworksBuildPhase;
			buildActionMask = 2147483647;
			files = (
			);
			runOnlyForDeploymentPostprocessing = 0;
		};
		11B46C332FBF729D00E1AFE4 /* Frameworks */ = {
			isa = PBXFrameworksBuildPhase;
			buildActionMask = 2147483647;
			files = (
				11B46C3B2FBF72A000E1AFE4 /* SwiftUI.framework in Frameworks */,
				11B46C392FBF72A000E1AFE4 /* WidgetKit.framework in Frameworks */,
			);
			runOnlyForDeploymentPostprocessing = 0;
		};
/* End PBXFrameworksBuildPhase section */

/* Begin PBXGroup section */
		110323A82F201B1A004CC247 /* Models */ = {
			isa = PBXGroup;
			children = (
				110323A92F201B43004CC247 /* ConversionHistory.swift */,
				1142B4552F2D52A0002ADD96 /* ContentViewModel.swift */,
				1128ACDE2F3112D1009A57FC /* SettingsViewModel.swift */,
			);
			path = Models;
			sourceTree = "<group>";
		};
		1184897E2E2ED96B00851CC9 = {
			isa = PBXGroup;
			children = (
				11314AED2FB3ABCB00F44D85 /* Localizable.xcstrings */,
				118489892E2ED96B00851CC9 /* Temperature converter */,
				11B46C3C2FBF72A000E1AFE4 /* TemperatureWidget */,
				11B46C372FBF729E00E1AFE4 /* Frameworks */,
				118489882E2ED96B00851CC9 /* Products */,
			);
			sourceTree = "<group>";
		};
		118489882E2ED96B00851CC9 /* Products */ = {
			isa = PBXGroup;
			children = (
				118489872E2ED96B00851CC9 /* Temperature converter.app */,
				11B46C362FBF729E00E1AFE4 /* TemperatureWidgetExtension.appex */,
			);
			name = Products;
			sourceTree = "<group>";
		};
		118489892E2ED96B00851CC9 /* Temperature converter */ = {
			isa = PBXGroup;
			children = (
				11DE87B12F33C9DE00B4894A /* Intents */,
				1184898A2E2ED96B00851CC9 /* Temperature_converterApp.swift */,
				110323A82F201B1A004CC247 /* Models */,
				118489982E2EDA6D00851CC9 /* Views */,
				1184898E2E2ED96D00851CC9 /* Assets.xcassets */,
				118489902E2ED96D00851CC9 /* Preview Content */,
			);
			path = "Temperature converter";
			sourceTree = "<group>";
		};
		118489902E2ED96D00851CC9 /* Preview Content */ = {
			isa = PBXGroup;
			children = (
				118489912E2ED96D00851CC9 /* Preview Assets.xcassets */,
			);
			path = "Preview Content";
			sourceTree = "<group>";
		};
		118489982E2EDA6D00851CC9 /* Views */ = {
			isa = PBXGroup;
			children = (
				1184898C2E2ED96B00851CC9 /* ContentView.swift */,
				1114C5122F1AD85300AAA9EE /* WhatsNewView.swift */,
				118489992E2EDAAA00851CC9 /* SettingsView.swift */,
				116796D02EBD519200784023 /* MainTabView.swift */,
				110323AB2F201EB1004CC247 /* HistoryListView.swift */,
			);
			path = Views;
			sourceTree = "<group>";
		};
		11B46C372FBF729E00E1AFE4 /* Frameworks */ = {
			isa = PBXGroup;
			children = (
				11B46C382FBF729E00E1AFE4 /* WidgetKit.framework */,
				11B46C3A2FBF72A000E1AFE4 /* SwiftUI.framework */,
			);
			name = Frameworks;
			sourceTree = "<group>";
		};
		11B46C3C2FBF72A000E1AFE4 /* TemperatureWidget */ = {
			isa = PBXGroup;
			children = (
				11B46C3D2FBF72A000E1AFE4 /* TemperatureWidgetBundle.swift */,
				11B46C3F2FBF72A000E1AFE4 /* TemperatureWidget.swift */,
				11B46C412FBF72A000E1AFE4 /* AppIntent.swift */,
				11B46C432FBF72E000E1AFE4 /* Assets.xcassets */,
				11B46C452FBF72E000E1AFE4 /* Info.plist */,
			);
			path = TemperatureWidget;
			sourceTree = "<group>";
		};
		11DE87B12F33C9DE00B4894A /* Intents */ = {
			isa = PBXGroup;
			children = (
				11DE87B22F33CA9F00B4894A /* ConvertTemperatureIntent.swift */,
				11DE87B42F33CB9600B4894A /* AppShortcutsProvider.swift */,
			);
			path = Intents;
			sourceTree = "<group>";
		};
/* End PBXGroup section */

/* Begin PBXNativeTarget section */
		118489862E2ED96B00851CC9 /* Temperature converter */ = {
			isa = PBXNativeTarget;
			buildConfigurationList = 118489952E2ED96D00851CC9 /* Build configuration list for PBXNativeTarget "Temperature converter" */;
			buildPhases = (
				118489832E2ED96B00851CC9 /* Sources */,
				118489842E2ED96B00851CC9 /* Frameworks */,
				118489852E2ED96B00851CC9 /* Resources */,
				11B46C492FBF72E100E1AFE4 /* Embed Foundation Extensions */,
			);
			buildRules = (
			);
			dependencies = (
				11B46C472FBF72E000E1AFE4 /* PBXTargetDependency */,
			);
			name = "Temperature converter";
			productName = "Temperature converter";
			productReference = 118489872E2ED96B00851CC9 /* Temperature converter.app */;
			productType = "com.apple.product-type.application";
		};
		11B46C352FBF729D00E1AFE4 /* TemperatureWidgetExtension */ = {
			isa = PBXNativeTarget;
			buildConfigurationList = 11B46C4C2FBF72E100E1AFE4 /* Build configuration list for PBXNativeTarget "TemperatureWidgetExtension" */;
			buildPhases = (
				11B46C322FBF729D00E1AFE4 /* Sources */,
				11B46C332FBF729D00E1AFE4 /* Frameworks */,
				11B46C342FBF729D00E1AFE4 /* Resources */,
			);
			buildRules = (
			);
			dependencies = (
			);
			name = TemperatureWidgetExtension;
			productName = TemperatureWidgetExtension;
			productReference = 11B46C362FBF729E00E1AFE4 /* TemperatureWidgetExtension.appex */;
			productType = "com.apple.product-type.app-extension";
		};
/* End PBXNativeTarget section */

/* Begin PBXProject section */
		1184897F2E2ED96B00851CC9 /* Project object */ = {
			isa = PBXProject;
			attributes = {
				BuildIndependentTargetsInParallel = 1;
				LastSwiftUpdateCheck = 1520;
				LastUpgradeCheck = 1520;
				TargetAttributes = {
					118489862E2ED96B00851CC9 = {
						CreatedOnToolsVersion = 15.2;
					};
					11B46C352FBF729D00E1AFE4 = {
						CreatedOnToolsVersion = 15.2;
					};
				};
			};
			buildConfigurationList = 118489822E2ED96B00851CC9 /* Build configuration list for PBXProject "Temperature converter" */;
			compatibilityVersion = "Xcode 14.0";
			developmentRegion = "es-419";
			hasScannedForEncodings = 0;
			knownRegions = (
				en,
				Base,
				"es-419",
				"pt-BR",
			);
			mainGroup = 1184897E2E2ED96B00851CC9;
			productRefGroup = 118489882E2ED96B00851CC9 /* Products */;
			projectDirPath = "";
			projectRoot = "";
			targets = (
				118489862E2ED96B00851CC9 /* Temperature converter */,
				11B46C352FBF729D00E1AFE4 /* TemperatureWidgetExtension */,
			);
		};
/* End PBXProject section */

/* Begin PBXResourcesBuildPhase section */
		118489852E2ED96B00851CC9 /* Resources */ = {
			isa = PBXResourcesBuildPhase;
			buildActionMask = 2147483647;
			files = (
				118489922E2ED96D00851CC9 /* Preview Assets.xcassets in Resources */,
				1184898F2E2ED96D00851CC9 /* Assets.xcassets in Resources */,
				11314AEE2FB3ABCC00F44D85 /* Localizable.xcstrings in Resources */,
			);
			runOnlyForDeploymentPostprocessing = 0;
		};
		11B46C342FBF729D00E1AFE4 /* Resources */ = {
			isa = PBXResourcesBuildPhase;
			buildActionMask = 2147483647;
			files = (
				11DD4D1F2FE1B51100C377DE /* Localizable.xcstrings in Resources */,
				11B46C442FBF72E000E1AFE4 /* Assets.xcassets in Resources */,
			);
			runOnlyForDeploymentPostprocessing = 0;
		};
/* End PBXResourcesBuildPhase section */

/* Begin PBXSourcesBuildPhase section */
		118489832E2ED96B00851CC9 /* Sources */ = {
			isa = PBXSourcesBuildPhase;
			buildActionMask = 2147483647;
			files = (
				1142B4562F2D52A0002ADD96 /* ContentViewModel.swift in Sources */,
				110323AA2F201B43004CC247 /* ConversionHistory.swift in Sources */,
				11DE87B32F33CA9F00B4894A /* ConvertTemperatureIntent.swift in Sources */,
				1184899A2E2EDAAA00851CC9 /* SettingsView.swift in Sources */,
				110323AC2F201EB1004CC247 /* HistoryListView.swift in Sources */,
				1114C5132F1AD85300AAA9EE /* WhatsNewView.swift in Sources */,
				1184898D2E2ED96B00851CC9 /* ContentView.swift in Sources */,
				1184898B2E2ED96B00851CC9 /* Temperature_converterApp.swift in Sources */,
				11DE87B52F33CB9600B4894A /* AppShortcutsProvider.swift in Sources */,
				116796D12EBD519200784023 /* MainTabView.swift in Sources */,
				1128ACDF2F3112D1009A57FC /* SettingsViewModel.swift in Sources */,
			);
			runOnlyForDeploymentPostprocessing = 0;
		};
		11B46C322FBF729D00E1AFE4 /* Sources */ = {
			isa = PBXSourcesBuildPhase;
			buildActionMask = 2147483647;
			files = (
				11B46C402FBF72A000E1AFE4 /* TemperatureWidget.swift in Sources */,
				11B46C3E2FBF72A000E1AFE4 /* TemperatureWidgetBundle.swift in Sources */,
				11B46C422FBF72A000E1AFE4 /* AppIntent.swift in Sources */,
			);
			runOnlyForDeploymentPostprocessing = 0;
		};
/* End PBXSourcesBuildPhase section */

/* Begin PBXTargetDependency section */
		11B46C472FBF72E000E1AFE4 /* PBXTargetDependency */ = {
			isa = PBXTargetDependency;
			target = 11B46C352FBF729D00E1AFE4 /* TemperatureWidgetExtension */;
			targetProxy = 11B46C462FBF72E000E1AFE4 /* PBXContainerItemProxy */;
		};
/* End PBXTargetDependency section */

/* Begin XCBuildConfiguration section */
		118489932E2ED96D00851CC9 /* Debug */ = {
			isa = XCBuildConfiguration;
			buildSettings = {
				ALWAYS_SEARCH_USER_PATHS = NO;
				ASSETCATALOG_COMPILER_GENERATE_SWIFT_ASSET_SYMBOL_EXTENSIONS = YES;
				CLANG_ANALYZER_NONNULL = YES;
				CLANG_ANALYZER_NUMBER_OBJECT_CONVERSION = YES_AGGRESSIVE;
				CLANG_CXX_LANGUAGE_STANDARD = "gnu++20";
				CLANG_ENABLE_MODULES = YES;
				CLANG_ENABLE_OBJC_ARC = YES;
				CLANG_ENABLE_OBJC_WEAK = YES;
				CLANG_WARN_BLOCK_CAPTURE_AUTORELEASING = YES;
				CLANG_WARN_BOOL_CONVERSION = YES;
				CLANG_WARN_COMMA = YES;
				CLANG_WARN_CONSTANT_CONVERSION = YES;
				CLANG_WARN_DEPRECATED_OBJC_IMPLEMENTATIONS = YES;
				CLANG_WARN_DIRECT_OBJC_ISA_USAGE = YES_ERROR;
				CLANG_WARN_DOCUMENTATION_COMMENTS = YES;
				CLANG_WARN_EMPTY_BODY = YES;
				CLANG_WARN_ENUM_CONVERSION = YES;
				CLANG_WARN_INFINITE_RECURSION = YES;
				CLANG_WARN_INT_CONVERSION = YES;
				CLANG_WARN_NON_LITERAL_NULL_CONVERSION = YES;
				CLANG_WARN_OBJC_IMPLICIT_RETAIN_SELF = YES;
				CLANG_WARN_OBJC_LITERAL_CONVERSION = YES;
				CLANG_WARN_OBJC_ROOT_CLASS = YES_ERROR;
				CLANG_WARN_QUOTED_INCLUDE_IN_FRAMEWORK_HEADER = YES;
				CLANG_WARN_RANGE_LOOP_ANALYSIS = YES;
				CLANG_WARN_STRICT_PROTOTYPES = YES;
				CLANG_WARN_SUSPICIOUS_MOVE = YES;
				CLANG_WARN_UNGUARDED_AVAILABILITY = YES_AGGRESSIVE;
				CLANG_WARN_UNREACHABLE_CODE = YES;
				CLANG_WARN__DUPLICATE_METHOD_MATCH = YES;
				COPY_PHASE_STRIP = NO;
				DEBUG_INFORMATION_FORMAT = dwarf;
				ENABLE_STRICT_OBJC_MSGSEND = YES;
				ENABLE_TESTABILITY = YES;
				ENABLE_USER_SCRIPT_SANDBOXING = YES;
				GCC_C_LANGUAGE_STANDARD = gnu17;
				GCC_DYNAMIC_NO_PIC = NO;
				GCC_NO_COMMON_BLOCKS = YES;
				GCC_OPTIMIZATION_LEVEL = 0;
				GCC_PREPROCESSOR_DEFINITIONS = (
					"DEBUG=1",
					"$(inherited)",
				);
				GCC_WARN_64_TO_32_BIT_CONVERSION = YES;
				GCC_WARN_ABOUT_RETURN_TYPE = YES_ERROR;
				GCC_WARN_UNDECLARED_SELECTOR = YES;
				GCC_WARN_UNINITIALIZED_AUTOS = YES_AGGRESSIVE;
				GCC_WARN_UNUSED_FUNCTION = YES;
				GCC_WARN_UNUSED_VARIABLE = YES;
				IPHONEOS_DEPLOYMENT_TARGET = 17.2;
				LOCALIZATION_PREFERS_STRING_CATALOGS = YES;
				MTL_ENABLE_DEBUG_INFO = INCLUDE_SOURCE;
				MTL_FAST_MATH = YES;
				ONLY_ACTIVE_ARCH = YES;
				SDKROOT = iphoneos;
				SWIFT_ACTIVE_COMPILATION_CONDITIONS = "DEBUG $(inherited)";
				SWIFT_OPTIMIZATION_LEVEL = "-Onone";
			};
			name = Debug;
		};
		118489942E2ED96D00851CC9 /* Release */ = {
			isa = XCBuildConfiguration;
			buildSettings = {
				ALWAYS_SEARCH_USER_PATHS = NO;
				ASSETCATALOG_COMPILER_GENERATE_SWIFT_ASSET_SYMBOL_EXTENSIONS = YES;
				CLANG_ANALYZER_NONNULL = YES;
				CLANG_ANALYZER_NUMBER_OBJECT_CONVERSION = YES_AGGRESSIVE;
				CLANG_CXX_LANGUAGE_STANDARD = "gnu++20";
				CLANG_ENABLE_MODULES = YES;
				CLANG_ENABLE_OBJC_ARC = YES;
				CLANG_ENABLE_OBJC_WEAK = YES;
				CLANG_WARN_BLOCK_CAPTURE_AUTORELEASING = YES;
				CLANG_WARN_BOOL_CONVERSION = YES;
				CLANG_WARN_COMMA = YES;
				CLANG_WARN_CONSTANT_CONVERSION = YES;
				CLANG_WARN_DEPRECATED_OBJC_IMPLEMENTATIONS = YES;
				CLANG_WARN_DIRECT_OBJC_ISA_USAGE = YES_ERROR;
				CLANG_WARN_DOCUMENTATION_COMMENTS = YES;
				CLANG_WARN_EMPTY_BODY = YES;
				CLANG_WARN_ENUM_CONVERSION = YES;
				CLANG_WARN_INFINITE_RECURSION = YES;
				CLANG_WARN_INT_CONVERSION = YES;
				CLANG_WARN_NON_LITERAL_NULL_CONVERSION = YES;
				CLANG_WARN_OBJC_IMPLICIT_RETAIN_SELF = YES;
				CLANG_WARN_OBJC_LITERAL_CONVERSION = YES;
				CLANG_WARN_OBJC_ROOT_CLASS = YES_ERROR;
				CLANG_WARN_QUOTED_INCLUDE_IN_FRAMEWORK_HEADER = YES;
				CLANG_WARN_RANGE_LOOP_ANALYSIS = YES;
				CLANG_WARN_STRICT_PROTOTYPES = YES;
				CLANG_WARN_SUSPICIOUS_MOVE = YES;
				CLANG_WARN_UNGUARDED_AVAILABILITY = YES_AGGRESSIVE;
				CLANG_WARN_UNREACHABLE_CODE = YES;
				CLANG_WARN__DUPLICATE_METHOD_MATCH = YES;
				COPY_PHASE_STRIP = NO;
				DEBUG_INFORMATION_FORMAT = "dwarf-with-dsym";
				ENABLE_NS_ASSERTIONS = NO;
				ENABLE_STRICT_OBJC_MSGSEND = YES;
				ENABLE_USER_SCRIPT_SANDBOXING = YES;
				GCC_C_LANGUAGE_STANDARD = gnu17;
				GCC_NO_COMMON_BLOCKS = YES;
				GCC_WARN_64_TO_32_BIT_CONVERSION = YES;
				GCC_WARN_ABOUT_RETURN_TYPE = YES_ERROR;
				GCC_WARN_UNDECLARED_SELECTOR = YES;
				GCC_WARN_UNINITIALIZED_AUTOS = YES_AGGRESSIVE;
				GCC_WARN_UNUSED_FUNCTION = YES;
				GCC_WARN_UNUSED_VARIABLE = YES;
				IPHONEOS_DEPLOYMENT_TARGET = 17.2;
				LOCALIZATION_PREFERS_STRING_CATALOGS = YES;
				MTL_ENABLE_DEBUG_INFO = NO;
				MTL_FAST_MATH = YES;
				SDKROOT = iphoneos;
				SWIFT_COMPILATION_MODE = wholemodule;
				VALIDATE_PRODUCT = YES;
			};
			name = Release;
		};
		118489962E2ED96D00851CC9 /* Debug */ = {
			isa = XCBuildConfiguration;
			buildSettings = {
				ALWAYS_EMBED_SWIFT_STANDARD_LIBRARIES = YES;
				ASSETCATALOG_COMPILER_APPICON_NAME = AppIcon;
				ASSETCATALOG_COMPILER_GLOBAL_ACCENT_COLOR_NAME = AccentColor;
				ASSETCATALOG_COMPILER_INCLUDE_ALL_APPICON_ASSETS = NO;
				CODE_SIGN_STYLE = Automatic;
				CURRENT_PROJECT_VERSION = 1;
				DEVELOPMENT_ASSET_PATHS = "\"Temperature converter/Preview Content\"";
				DEVELOPMENT_TEAM = N76MC3BF5R;
				ENABLE_PREVIEWS = YES;
				GENERATE_INFOPLIST_FILE = YES;
				INFOPLIST_FILE = "Temperature-converter-Info.plist";
				INFOPLIST_KEY_CFBundleDisplayName = Convertidor;
				INFOPLIST_KEY_LSApplicationCategoryType = "public.app-category.weather";
				INFOPLIST_KEY_NSHumanReadableCopyright = "";
				INFOPLIST_KEY_UIApplicationSceneManifest_Generation = YES;
				INFOPLIST_KEY_UIApplicationSupportsIndirectInputEvents = YES;
				INFOPLIST_KEY_UILaunchScreen_Generation = YES;
				INFOPLIST_KEY_UISupportedInterfaceOrientations_iPad = "UIInterfaceOrientationPortrait UIInterfaceOrientationPortraitUpsideDown UIInterfaceOrientationLandscapeLeft UIInterfaceOrientationLandscapeRight";
				INFOPLIST_KEY_UISupportedInterfaceOrientations_iPhone = "UIInterfaceOrientationPortrait UIInterfaceOrientationLandscapeLeft UIInterfaceOrientationLandscapeRight";
				LD_RUNPATH_SEARCH_PATHS = (
					"$(inherited)",
					"@executable_path/Frameworks",
				);
				MARKETING_VERSION = 1.0;
				NEW_SETTING = "";
				PRODUCT_BUNDLE_IDENTIFIER = "Daniel-Melenge.Temperature-converter";
				PRODUCT_NAME = "$(TARGET_NAME)";
				SWIFT_EMIT_LOC_STRINGS = YES;
				SWIFT_VERSION = 5.0;
				TARGETED_DEVICE_FAMILY = "1,2";
			};
			name = Debug;
		};
		118489972E2ED96D00851CC9 /* Release */ = {
			isa = XCBuildConfiguration;
			buildSettings = {
				ALWAYS_EMBED_SWIFT_STANDARD_LIBRARIES = YES;
				ASSETCATALOG_COMPILER_APPICON_NAME = AppIcon;
				ASSETCATALOG_COMPILER_GLOBAL_ACCENT_COLOR_NAME = AccentColor;
				ASSETCATALOG_COMPILER_INCLUDE_ALL_APPICON_ASSETS = NO;
				CODE_SIGN_STYLE = Automatic;
				CURRENT_PROJECT_VERSION = 1;
				DEVELOPMENT_ASSET_PATHS = "\"Temperature converter/Preview Content\"";
				DEVELOPMENT_TEAM = N76MC3BF5R;
				ENABLE_PREVIEWS = YES;
				GENERATE_INFOPLIST_FILE = YES;
				INFOPLIST_FILE = "Temperature-converter-Info.plist";
				INFOPLIST_KEY_CFBundleDisplayName = Convertidor;
				INFOPLIST_KEY_LSApplicationCategoryType = "public.app-category.weather";
				INFOPLIST_KEY_NSHumanReadableCopyright = "";
				INFOPLIST_KEY_UIApplicationSceneManifest_Generation = YES;
				INFOPLIST_KEY_UIApplicationSupportsIndirectInputEvents = YES;
				INFOPLIST_KEY_UILaunchScreen_Generation = YES;
				INFOPLIST_KEY_UISupportedInterfaceOrientations_iPad = "UIInterfaceOrientationPortrait UIInterfaceOrientationPortraitUpsideDown UIInterfaceOrientationLandscapeLeft UIInterfaceOrientationLandscapeRight";
				INFOPLIST_KEY_UISupportedInterfaceOrientations_iPhone = "UIInterfaceOrientationPortrait UIInterfaceOrientationLandscapeLeft UIInterfaceOrientationLandscapeRight";
				LD_RUNPATH_SEARCH_PATHS = (
					"$(inherited)",
					"@executable_path/Frameworks",
				);
				MARKETING_VERSION = 1.0;
				NEW_SETTING = "";
				PRODUCT_BUNDLE_IDENTIFIER = "Daniel-Melenge.Temperature-converter";
				PRODUCT_NAME = "$(TARGET_NAME)";
				SWIFT_EMIT_LOC_STRINGS = YES;
				SWIFT_VERSION = 5.0;
				TARGETED_DEVICE_FAMILY = "1,2";
			};
			name = Release;
		};
		11B46C4A2FBF72E100E1AFE4 /* Debug */ = {
			isa = XCBuildConfiguration;
			buildSettings = {
				ASSETCATALOG_COMPILER_GLOBAL_ACCENT_COLOR_NAME = AccentColor;
				ASSETCATALOG_COMPILER_WIDGET_BACKGROUND_COLOR_NAME = WidgetBackground;
				CODE_SIGN_STYLE = Automatic;
				CURRENT_PROJECT_VERSION = 1;
				DEVELOPMENT_TEAM = N76MC3BF5R;
				GENERATE_INFOPLIST_FILE = YES;
				INFOPLIST_FILE = TemperatureWidget/Info.plist;
				INFOPLIST_KEY_CFBundleDisplayName = TemperatureWidget;
				INFOPLIST_KEY_NSHumanReadableCopyright = "";
				LD_RUNPATH_SEARCH_PATHS = (
					"$(inherited)",
					"@executable_path/Frameworks",
					"@executable_path/../../Frameworks",
				);
				MARKETING_VERSION = 1.0;
				PRODUCT_BUNDLE_IDENTIFIER = "Daniel-Melenge.Temperature-converter.TemperatureWidget";
				PRODUCT_NAME = "$(TARGET_NAME)";
				SKIP_INSTALL = YES;
				SWIFT_EMIT_LOC_STRINGS = YES;
				SWIFT_VERSION = 5.0;
				TARGETED_DEVICE_FAMILY = "1,2";
			};
			name = Debug;
		};
		11B46C4B2FBF72E100E1AFE4 /* Release */ = {
			isa = XCBuildConfiguration;
			buildSettings = {
				ASSETCATALOG_COMPILER_GLOBAL_ACCENT_COLOR_NAME = AccentColor;
				ASSETCATALOG_COMPILER_WIDGET_BACKGROUND_COLOR_NAME = WidgetBackground;
				CODE_SIGN_STYLE = Automatic;
				CURRENT_PROJECT_VERSION = 1;
				DEVELOPMENT_TEAM = N76MC3BF5R;
				GENERATE_INFOPLIST_FILE = YES;
				INFOPLIST_FILE = TemperatureWidget/Info.plist;
				INFOPLIST_KEY_CFBundleDisplayName = TemperatureWidget;
				INFOPLIST_KEY_NSHumanReadableCopyright = "";
				LD_RUNPATH_SEARCH_PATHS = (
					"$(inherited)",
					"@executable_path/Frameworks",
					"@executable_path/../../Frameworks",
				);
				MARKETING_VERSION = 1.0;
				PRODUCT_BUNDLE_IDENTIFIER = "Daniel-Melenge.Temperature-converter.TemperatureWidget";
				PRODUCT_NAME = "$(TARGET_NAME)";
				SKIP_INSTALL = YES;
				SWIFT_EMIT_LOC_STRINGS = YES;
				SWIFT_VERSION = 5.0;
				TARGETED_DEVICE_FAMILY = "1,2";
			};
			name = Release;
		};
/* End XCBuildConfiguration section */

/* Begin XCConfigurationList section */
		118489822E2ED96B00851CC9 /* Build configuration list for PBXProject "Temperature converter" */ = {
			isa = XCConfigurationList;
			buildConfigurations = (
				118489932E2ED96D00851CC9 /* Debug */,
				118489942E2ED96D00851CC9 /* Release */,
			);
			defaultConfigurationIsVisible = 0;
			defaultConfigurationName = Release;
		};
		118489952E2ED96D00851CC9 /* Build configuration list for PBXNativeTarget "Temperature converter" */ = {
			isa = XCConfigurationList;
			buildConfigurations = (
				118489962E2ED96D00851CC9 /* Debug */,
				118489972E2ED96D00851CC9 /* Release */,
			);
			defaultConfigurationIsVisible = 0;
			defaultConfigurationName = Release;
		};
		11B46C4C2FBF72E100E1AFE4 /* Build configuration list for PBXNativeTarget "TemperatureWidgetExtension" */ = {
			isa = XCConfigurationList;
			buildConfigurations = (
				11B46C4A2FBF72E100E1AFE4 /* Debug */,
				11B46C4B2FBF72E100E1AFE4 /* Release */,
			);
			defaultConfigurationIsVisible = 0;
			defaultConfigurationName = Release;
		};
/* End XCConfigurationList section */
	};
	rootObject = 1184897F2E2ED96B00851CC9 /* Project object */;
}
